
Microsoft Visual Studio Solution File, Format Version 12.00
# Visual Studio 2012
Project("{FAE04EC0-301F-11D3-BF4B-00C04F79EFBC}") = "HolaTest", "HolaTest\HolaTest.csproj", "{CA537C21-1444-492F-A867-F3D38027E284}"
EndProject
Global
	GlobalSection(SolutionConfigurationPlatforms) = preSolution
		Debug|Any CPU = Debug|Any CPU
		Release|Any CPU = Release|Any CPU
	EndGlobalSection
	GlobalSection(ProjectConfigurationPlatforms) = postSolution
		{CA537C21-1444-492F-A867-F3D38027E284}.Debug|Any CPU.ActiveCfg = Debug|Any CPU
		{CA537C21-1444-492F-A867-F3D38027E284}.Debug|Any CPU.Build.0 = Debug|Any CPU
		{CA537C21-1444-492F-A867-F3D38027E284}.Release|Any CPU.ActiveCfg = Release|Any CPU
		{CA537C21-1444-492F-A867-F3D38027E284}.Release|Any CPU.Build.0 = Release|Any CPU
	EndGlobalSection
	GlobalSection(SolutionProperties) = preSolution
		HideSolutionNode = FALSE
	EndGlobalSection
EndGlobal
