
Microsoft Visual Studio Solution File, Format Version 12.00
# Visual Studio 14
VisualStudioVersion = 14.0.25123.0
MinimumVisualStudioVersion = 10.0.40219.1
Project("{8BC9CEB8-8B4A-11D0-8D11-00A0C91BC942}") = "DictIn", "DictIn.vcxproj", "{049197FE-014A-4B47-90B1-B1AD834838BF}"
EndProject
Project("{9092AA53-FB77-4645-B42D-1CCCA6BD08BD}") = "DictTestNodeJs", "js\DictTestNodeJs.njsproj", "{2DE843BE-D763-41B8-9CE6-B206DF42A068}"
EndProject
Global
	GlobalSection(SolutionConfigurationPlatforms) = preSolution
		Debug|Any CPU = Debug|Any CPU
		Debug|x64 = Debug|x64
		Debug|x86 = Debug|x86
		Release|Any CPU = Release|Any CPU
		Release|x64 = Release|x64
		Release|x86 = Release|x86
	EndGlobalSection
	GlobalSection(ProjectConfigurationPlatforms) = postSolution
		{049197FE-014A-4B47-90B1-B1AD834838BF}.Debug|Any CPU.ActiveCfg = Debug|Win32
		{049197FE-014A-4B47-90B1-B1AD834838BF}.Debug|x64.ActiveCfg = Debug|x64
		{049197FE-014A-4B47-90B1-B1AD834838BF}.Debug|x64.Build.0 = Debug|x64
		{049197FE-014A-4B47-90B1-B1AD834838BF}.Debug|x86.ActiveCfg = Debug|Win32
		{049197FE-014A-4B47-90B1-B1AD834838BF}.Debug|x86.Build.0 = Debug|Win32
		{049197FE-014A-4B47-90B1-B1AD834838BF}.Release|Any CPU.ActiveCfg = Release|Win32
		{049197FE-014A-4B47-90B1-B1AD834838BF}.Release|x64.ActiveCfg = Release|x64
		{049197FE-014A-4B47-90B1-B1AD834838BF}.Release|x64.Build.0 = Release|x64
		{049197FE-014A-4B47-90B1-B1AD834838BF}.Release|x86.ActiveCfg = Release|Win32
		{049197FE-014A-4B47-90B1-B1AD834838BF}.Release|x86.Build.0 = Release|Win32
		{2DE843BE-D763-41B8-9CE6-B206DF42A068}.Debug|Any CPU.ActiveCfg = Debug|Any CPU
		{2DE843BE-D763-41B8-9CE6-B206DF42A068}.Debug|Any CPU.Build.0 = Debug|Any CPU
		{2DE843BE-D763-41B8-9CE6-B206DF42A068}.Debug|x64.ActiveCfg = Debug|Any CPU
		{2DE843BE-D763-41B8-9CE6-B206DF42A068}.Debug|x64.Build.0 = Debug|Any CPU
		{2DE843BE-D763-41B8-9CE6-B206DF42A068}.Debug|x86.ActiveCfg = Debug|Any CPU
		{2DE843BE-D763-41B8-9CE6-B206DF42A068}.Debug|x86.Build.0 = Debug|Any CPU
		{2DE843BE-D763-41B8-9CE6-B206DF42A068}.Release|Any CPU.ActiveCfg = Release|Any CPU
		{2DE843BE-D763-41B8-9CE6-B206DF42A068}.Release|Any CPU.Build.0 = Release|Any CPU
		{2DE843BE-D763-41B8-9CE6-B206DF42A068}.Release|x64.ActiveCfg = Release|Any CPU
		{2DE843BE-D763-41B8-9CE6-B206DF42A068}.Release|x64.Build.0 = Release|Any CPU
		{2DE843BE-D763-41B8-9CE6-B206DF42A068}.Release|x86.ActiveCfg = Release|Any CPU
		{2DE843BE-D763-41B8-9CE6-B206DF42A068}.Release|x86.Build.0 = Release|Any CPU
	EndGlobalSection
	GlobalSection(SolutionProperties) = preSolution
		HideSolutionNode = FALSE
	EndGlobalSection
EndGlobal
